
Microsoft Visual Studio Solution File, Format Version 12.00
# Visual Studio Version 17
VisualStudioVersion = 17.2.32526.322
MinimumVisualStudioVersion = 10.0.40219.1
Project("{FAE04EC0-301F-11D3-BF4B-00C04F79EFBC}") = "CompanyApi", "CompanyApi\CompanyApi.csproj", "{3E5276C4-FE08-4AED-9DC2-8AA3A243B037}"
EndProject
Global
	GlobalSection(SolutionConfigurationPlatforms) = preSolution
		Debug|Any CPU = Debug|Any CPU
		Release|Any CPU = Release|Any CPU
	EndGlobalSection
	GlobalSection(ProjectConfigurationPlatforms) = postSolution
		{3E5276C4-FE08-4AED-9DC2-8AA3A243B037}.Debug|Any CPU.ActiveCfg = Debug|Any CPU
		{3E5276C4-FE08-4AED-9DC2-8AA3A243B037}.Debug|Any CPU.Build.0 = Debug|Any CPU
		{3E5276C4-FE08-4AED-9DC2-8AA3A243B037}.Release|Any CPU.ActiveCfg = Release|Any CPU
		{3E5276C4-FE08-4AED-9DC2-8AA3A243B037}.Release|Any CPU.Build.0 = Release|Any CPU
	EndGlobalSection
	GlobalSection(SolutionProperties) = preSolution
		HideSolutionNode = FALSE
	EndGlobalSection
	GlobalSection(ExtensibilityGlobals) = postSolution
		SolutionGuid = {B25EB691-1199-45E4-AFFE-C3432F3B77EE}
	EndGlobalSection
EndGlobal
